
Microsoft Visual Studio Solution File, Format Version 12.00
# Visual Studio Version 17
VisualStudioVersion = 17.5.33627.172
MinimumVisualStudioVersion = 10.0.40219.1
Project("{2150E333-8FDC-42A3-9474-1A3956D46DE8}") = "src", "src", "{026AB80D-87F3-45C8-8207-F767EB934A4D}"
EndProject
Project("{2150E333-8FDC-42A3-9474-1A3956D46DE8}") = "01. Api", "01. Api", "{C6E93112-7C20-4D72-977A-4FC5BEC9B07E}"
EndProject
Project("{2150E333-8FDC-42A3-9474-1A3956D46DE8}") = "02. Domain", "02. Domain", "{EF44CDB3-1E1E-47BA-B5AC-51A34B19CCC4}"
EndProject
Project("{2150E333-8FDC-42A3-9474-1A3956D46DE8}") = "03. Persistence", "03. Persistence", "{92BDB711-B9FD-4DD7-954D-44DDE93EC158}"
EndProject
Project("{2150E333-8FDC-42A3-9474-1A3956D46DE8}") = "04. Transversal", "04. Transversal", "{95962C67-1FE1-410A-93BC-818ABE1B9071}"
EndProject
Project("{9A19103F-16F7-4668-BE54-9A1E7A4F7556}") = "Food.Transversal", "Food.Transversal\Food.Transversal.csproj", "{FA84E8B3-73FB-4947-AB96-EE9E6BCCFCB5}"
EndProject
Project("{9A19103F-16F7-4668-BE54-9A1E7A4F7556}") = "Food.DataBase", "Food.DataBase\Food.DataBase.csproj", "{26C5C18F-72C0-4FBF-882F-BCD8DBBF408A}"
EndProject
Project("{9A19103F-16F7-4668-BE54-9A1E7A4F7556}") = "Food.Domain.Business", "Food.Domain.Business\Food.Domain.Business.csproj", "{2912C94D-D1CC-470C-ABCA-4BB1C2B08F22}"
EndProject
Project("{9A19103F-16F7-4668-BE54-9A1E7A4F7556}") = "Food.Domain.Interface", "Food.Domain.Interface\Food.Domain.Interface.csproj", "{1547673B-3650-4556-90FF-9721F0011D43}"
EndProject
Project("{9A19103F-16F7-4668-BE54-9A1E7A4F7556}") = "Food.Domain.Services", "Food.Domain.Services\Food.Domain.Services.csproj", "{E48F89CF-7294-461A-8B51-DC3B311E19B0}"
EndProject
Project("{9A19103F-16F7-4668-BE54-9A1E7A4F7556}") = "Food.Api", "Food.Api\Food.Api.csproj", "{25FF8687-CAF5-4207-8470-93EC71F53B62}"
EndProject
Global
	GlobalSection(SolutionConfigurationPlatforms) = preSolution
		Debug|Any CPU = Debug|Any CPU
		Release|Any CPU = Release|Any CPU
	EndGlobalSection
	GlobalSection(ProjectConfigurationPlatforms) = postSolution
		{FA84E8B3-73FB-4947-AB96-EE9E6BCCFCB5}.Debug|Any CPU.ActiveCfg = Debug|Any CPU
		{FA84E8B3-73FB-4947-AB96-EE9E6BCCFCB5}.Debug|Any CPU.Build.0 = Debug|Any CPU
		{FA84E8B3-73FB-4947-AB96-EE9E6BCCFCB5}.Release|Any CPU.ActiveCfg = Release|Any CPU
		{FA84E8B3-73FB-4947-AB96-EE9E6BCCFCB5}.Release|Any CPU.Build.0 = Release|Any CPU
		{26C5C18F-72C0-4FBF-882F-BCD8DBBF408A}.Debug|Any CPU.ActiveCfg = Debug|Any CPU
		{26C5C18F-72C0-4FBF-882F-BCD8DBBF408A}.Debug|Any CPU.Build.0 = Debug|Any CPU
		{26C5C18F-72C0-4FBF-882F-BCD8DBBF408A}.Release|Any CPU.ActiveCfg = Release|Any CPU
		{26C5C18F-72C0-4FBF-882F-BCD8DBBF408A}.Release|Any CPU.Build.0 = Release|Any CPU
		{2912C94D-D1CC-470C-ABCA-4BB1C2B08F22}.Debug|Any CPU.ActiveCfg = Debug|Any CPU
		{2912C94D-D1CC-470C-ABCA-4BB1C2B08F22}.Debug|Any CPU.Build.0 = Debug|Any CPU
		{2912C94D-D1CC-470C-ABCA-4BB1C2B08F22}.Release|Any CPU.ActiveCfg = Release|Any CPU
		{2912C94D-D1CC-470C-ABCA-4BB1C2B08F22}.Release|Any CPU.Build.0 = Release|Any CPU
		{1547673B-3650-4556-90FF-9721F0011D43}.Debug|Any CPU.ActiveCfg = Debug|Any CPU
		{1547673B-3650-4556-90FF-9721F0011D43}.Debug|Any CPU.Build.0 = Debug|Any CPU
		{1547673B-3650-4556-90FF-9721F0011D43}.Release|Any CPU.ActiveCfg = Release|Any CPU
		{1547673B-3650-4556-90FF-9721F0011D43}.Release|Any CPU.Build.0 = Release|Any CPU
		{E48F89CF-7294-461A-8B51-DC3B311E19B0}.Debug|Any CPU.ActiveCfg = Debug|Any CPU
		{E48F89CF-7294-461A-8B51-DC3B311E19B0}.Debug|Any CPU.Build.0 = Debug|Any CPU
		{E48F89CF-7294-461A-8B51-DC3B311E19B0}.Release|Any CPU.ActiveCfg = Release|Any CPU
		{E48F89CF-7294-461A-8B51-DC3B311E19B0}.Release|Any CPU.Build.0 = Release|Any CPU
		{25FF8687-CAF5-4207-8470-93EC71F53B62}.Debug|Any CPU.ActiveCfg = Debug|Any CPU
		{25FF8687-CAF5-4207-8470-93EC71F53B62}.Debug|Any CPU.Build.0 = Debug|Any CPU
		{25FF8687-CAF5-4207-8470-93EC71F53B62}.Release|Any CPU.ActiveCfg = Release|Any CPU
		{25FF8687-CAF5-4207-8470-93EC71F53B62}.Release|Any CPU.Build.0 = Release|Any CPU
	EndGlobalSection
	GlobalSection(SolutionProperties) = preSolution
		HideSolutionNode = FALSE
	EndGlobalSection
	GlobalSection(NestedProjects) = preSolution
		{C6E93112-7C20-4D72-977A-4FC5BEC9B07E} = {026AB80D-87F3-45C8-8207-F767EB934A4D}
		{EF44CDB3-1E1E-47BA-B5AC-51A34B19CCC4} = {026AB80D-87F3-45C8-8207-F767EB934A4D}
		{92BDB711-B9FD-4DD7-954D-44DDE93EC158} = {026AB80D-87F3-45C8-8207-F767EB934A4D}
		{95962C67-1FE1-410A-93BC-818ABE1B9071} = {026AB80D-87F3-45C8-8207-F767EB934A4D}
		{FA84E8B3-73FB-4947-AB96-EE9E6BCCFCB5} = {95962C67-1FE1-410A-93BC-818ABE1B9071}
		{26C5C18F-72C0-4FBF-882F-BCD8DBBF408A} = {92BDB711-B9FD-4DD7-954D-44DDE93EC158}
		{2912C94D-D1CC-470C-ABCA-4BB1C2B08F22} = {EF44CDB3-1E1E-47BA-B5AC-51A34B19CCC4}
		{1547673B-3650-4556-90FF-9721F0011D43} = {EF44CDB3-1E1E-47BA-B5AC-51A34B19CCC4}
		{E48F89CF-7294-461A-8B51-DC3B311E19B0} = {EF44CDB3-1E1E-47BA-B5AC-51A34B19CCC4}
		{25FF8687-CAF5-4207-8470-93EC71F53B62} = {C6E93112-7C20-4D72-977A-4FC5BEC9B07E}
	EndGlobalSection
	GlobalSection(ExtensibilityGlobals) = postSolution
		SolutionGuid = {B0FF7497-7620-4B3E-93EE-BA9C01884763}
	EndGlobalSection
EndGlobal
