
Microsoft Visual Studio Solution File, Format Version 12.00
# Visual Studio Version 17
VisualStudioVersion = 17.5.33627.172
MinimumVisualStudioVersion = 10.0.40219.1
Project("{2150E333-8FDC-42A3-9474-1A3956D46DE8}") = "src", "src", "{026AB80D-87F3-45C8-8207-F767EB934A4D}"
EndProject
Project("{2150E333-8FDC-42A3-9474-1A3956D46DE8}") = "1. User", "1. User", "{CA6064E6-43CA-4E97-9F09-EE73D2C83732}"
EndProject
Project("{2150E333-8FDC-42A3-9474-1A3956D46DE8}") = "2. Square", "2. Square", "{87F70F26-DFD7-4465-8F96-A63B08FC3B17}"
EndProject
Project("{2150E333-8FDC-42A3-9474-1A3956D46DE8}") = "01. Api", "01. Api", "{3F485DA9-373F-45C6-8744-89F274A8F619}"
EndProject
Project("{2150E333-8FDC-42A3-9474-1A3956D46DE8}") = "02. Domain", "02. Domain", "{1D5C540C-0980-4B4E-9E7C-ACEEEBF33D79}"
EndProject
Project("{2150E333-8FDC-42A3-9474-1A3956D46DE8}") = "03. Persistence", "03. Persistence", "{48B233D9-4EEA-4CD4-AF88-29C328F2DC15}"
EndProject
Project("{2150E333-8FDC-42A3-9474-1A3956D46DE8}") = "01. Api", "01. Api", "{C6E93112-7C20-4D72-977A-4FC5BEC9B07E}"
EndProject
Project("{2150E333-8FDC-42A3-9474-1A3956D46DE8}") = "02. Domain", "02. Domain", "{EF44CDB3-1E1E-47BA-B5AC-51A34B19CCC4}"
EndProject
Project("{2150E333-8FDC-42A3-9474-1A3956D46DE8}") = "03. Persistence", "03. Persistence", "{92BDB711-B9FD-4DD7-954D-44DDE93EC158}"
EndProject
Project("{9A19103F-16F7-4668-BE54-9A1E7A4F7556}") = "User.DataBase", "1. User\User.DataBase\User.DataBase.csproj", "{2DC541B1-57A0-47E7-A086-F7F74FE0509A}"
EndProject
Project("{9A19103F-16F7-4668-BE54-9A1E7A4F7556}") = "User.Domain.Services", "1. User\User.Domain.Services\User.Domain.Services.csproj", "{B7B03AEF-535E-48DD-9000-E93E6E8BE7DB}"
EndProject
Project("{9A19103F-16F7-4668-BE54-9A1E7A4F7556}") = "User.Domain.Interface", "1. User\User.Domain.Interface\User.Domain.Interface.csproj", "{86A7530F-5B63-42A2-A99C-94F4B4B1BFBE}"
EndProject
Project("{9A19103F-16F7-4668-BE54-9A1E7A4F7556}") = "User.Domain.Business", "1. User\UserDomain.Business\User.Domain.Business.csproj", "{A76E9579-4E6D-46F0-B00D-E991A7616989}"
EndProject
Project("{2150E333-8FDC-42A3-9474-1A3956D46DE8}") = "04. Transversal", "04. Transversal", "{66D21E0B-FEFB-4739-9129-C3D41325FE97}"
EndProject
Project("{9A19103F-16F7-4668-BE54-9A1E7A4F7556}") = "User.Transversal", "1. User\User.Transversal\User.Transversal.csproj", "{800EB9EB-B196-4BA1-8A3C-516053CADED6}"
EndProject
Project("{9A19103F-16F7-4668-BE54-9A1E7A4F7556}") = "User.Api", "1. User\User.Api\User.Api.csproj", "{628F4457-2E65-424D-BE9D-8ED2FBBEE447}"
EndProject
Project("{2150E333-8FDC-42A3-9474-1A3956D46DE8}") = "04. Transversal", "04. Transversal", "{95962C67-1FE1-410A-93BC-818ABE1B9071}"
EndProject
Project("{9A19103F-16F7-4668-BE54-9A1E7A4F7556}") = "Food.Transversal", "2. Square\Food.Transversal\Food.Transversal.csproj", "{FA84E8B3-73FB-4947-AB96-EE9E6BCCFCB5}"
EndProject
Project("{9A19103F-16F7-4668-BE54-9A1E7A4F7556}") = "Food.DataBase", "2. Square\Food.DataBase\Food.DataBase.csproj", "{26C5C18F-72C0-4FBF-882F-BCD8DBBF408A}"
EndProject
Project("{9A19103F-16F7-4668-BE54-9A1E7A4F7556}") = "Food.Domain.Business", "2. Square\Food.Domain.Business\Food.Domain.Business.csproj", "{2912C94D-D1CC-470C-ABCA-4BB1C2B08F22}"
EndProject
Project("{9A19103F-16F7-4668-BE54-9A1E7A4F7556}") = "Food.Domain.Interface", "2. Square\Food.Domain.Interface\Food.Domain.Interface.csproj", "{1547673B-3650-4556-90FF-9721F0011D43}"
EndProject
Project("{9A19103F-16F7-4668-BE54-9A1E7A4F7556}") = "Food.Domain.Services", "2. Square\Food.Domain.Services\Food.Domain.Services.csproj", "{E48F89CF-7294-461A-8B51-DC3B311E19B0}"
EndProject
Project("{9A19103F-16F7-4668-BE54-9A1E7A4F7556}") = "Food.Api", "2. Square\Food.Api\Food.Api.csproj", "{25FF8687-CAF5-4207-8470-93EC71F53B62}"
EndProject
Project("{2150E333-8FDC-42A3-9474-1A3956D46DE8}") = "05. UnitTest", "05. UnitTest", "{4E768A6C-72A6-4EB1-A449-20ADA1EC285B}"
EndProject
Project("{FAE04EC0-301F-11D3-BF4B-00C04F79EFBC}") = "User.UnitTest", "1. User\User.UnitTest\User.UnitTest.csproj", "{0DF9B052-62D1-4B38-8C99-A8870CF9AD31}"
EndProject
Global
	GlobalSection(SolutionConfigurationPlatforms) = preSolution
		Debug|Any CPU = Debug|Any CPU
		Release|Any CPU = Release|Any CPU
	EndGlobalSection
	GlobalSection(ProjectConfigurationPlatforms) = postSolution
		{2DC541B1-57A0-47E7-A086-F7F74FE0509A}.Debug|Any CPU.ActiveCfg = Debug|Any CPU
		{2DC541B1-57A0-47E7-A086-F7F74FE0509A}.Debug|Any CPU.Build.0 = Debug|Any CPU
		{2DC541B1-57A0-47E7-A086-F7F74FE0509A}.Release|Any CPU.ActiveCfg = Release|Any CPU
		{2DC541B1-57A0-47E7-A086-F7F74FE0509A}.Release|Any CPU.Build.0 = Release|Any CPU
		{B7B03AEF-535E-48DD-9000-E93E6E8BE7DB}.Debug|Any CPU.ActiveCfg = Debug|Any CPU
		{B7B03AEF-535E-48DD-9000-E93E6E8BE7DB}.Debug|Any CPU.Build.0 = Debug|Any CPU
		{B7B03AEF-535E-48DD-9000-E93E6E8BE7DB}.Release|Any CPU.ActiveCfg = Release|Any CPU
		{B7B03AEF-535E-48DD-9000-E93E6E8BE7DB}.Release|Any CPU.Build.0 = Release|Any CPU
		{86A7530F-5B63-42A2-A99C-94F4B4B1BFBE}.Debug|Any CPU.ActiveCfg = Debug|Any CPU
		{86A7530F-5B63-42A2-A99C-94F4B4B1BFBE}.Debug|Any CPU.Build.0 = Debug|Any CPU
		{86A7530F-5B63-42A2-A99C-94F4B4B1BFBE}.Release|Any CPU.ActiveCfg = Release|Any CPU
		{86A7530F-5B63-42A2-A99C-94F4B4B1BFBE}.Release|Any CPU.Build.0 = Release|Any CPU
		{A76E9579-4E6D-46F0-B00D-E991A7616989}.Debug|Any CPU.ActiveCfg = Debug|Any CPU
		{A76E9579-4E6D-46F0-B00D-E991A7616989}.Debug|Any CPU.Build.0 = Debug|Any CPU
		{A76E9579-4E6D-46F0-B00D-E991A7616989}.Release|Any CPU.ActiveCfg = Release|Any CPU
		{A76E9579-4E6D-46F0-B00D-E991A7616989}.Release|Any CPU.Build.0 = Release|Any CPU
		{800EB9EB-B196-4BA1-8A3C-516053CADED6}.Debug|Any CPU.ActiveCfg = Debug|Any CPU
		{800EB9EB-B196-4BA1-8A3C-516053CADED6}.Debug|Any CPU.Build.0 = Debug|Any CPU
		{800EB9EB-B196-4BA1-8A3C-516053CADED6}.Release|Any CPU.ActiveCfg = Release|Any CPU
		{800EB9EB-B196-4BA1-8A3C-516053CADED6}.Release|Any CPU.Build.0 = Release|Any CPU
		{628F4457-2E65-424D-BE9D-8ED2FBBEE447}.Debug|Any CPU.ActiveCfg = Debug|Any CPU
		{628F4457-2E65-424D-BE9D-8ED2FBBEE447}.Debug|Any CPU.Build.0 = Debug|Any CPU
		{628F4457-2E65-424D-BE9D-8ED2FBBEE447}.Release|Any CPU.ActiveCfg = Release|Any CPU
		{628F4457-2E65-424D-BE9D-8ED2FBBEE447}.Release|Any CPU.Build.0 = Release|Any CPU
		{FA84E8B3-73FB-4947-AB96-EE9E6BCCFCB5}.Debug|Any CPU.ActiveCfg = Debug|Any CPU
		{FA84E8B3-73FB-4947-AB96-EE9E6BCCFCB5}.Debug|Any CPU.Build.0 = Debug|Any CPU
		{FA84E8B3-73FB-4947-AB96-EE9E6BCCFCB5}.Release|Any CPU.ActiveCfg = Release|Any CPU
		{FA84E8B3-73FB-4947-AB96-EE9E6BCCFCB5}.Release|Any CPU.Build.0 = Release|Any CPU
		{26C5C18F-72C0-4FBF-882F-BCD8DBBF408A}.Debug|Any CPU.ActiveCfg = Debug|Any CPU
		{26C5C18F-72C0-4FBF-882F-BCD8DBBF408A}.Debug|Any CPU.Build.0 = Debug|Any CPU
		{26C5C18F-72C0-4FBF-882F-BCD8DBBF408A}.Release|Any CPU.ActiveCfg = Release|Any CPU
		{26C5C18F-72C0-4FBF-882F-BCD8DBBF408A}.Release|Any CPU.Build.0 = Release|Any CPU
		{2912C94D-D1CC-470C-ABCA-4BB1C2B08F22}.Debug|Any CPU.ActiveCfg = Debug|Any CPU
		{2912C94D-D1CC-470C-ABCA-4BB1C2B08F22}.Debug|Any CPU.Build.0 = Debug|Any CPU
		{2912C94D-D1CC-470C-ABCA-4BB1C2B08F22}.Release|Any CPU.ActiveCfg = Release|Any CPU
		{2912C94D-D1CC-470C-ABCA-4BB1C2B08F22}.Release|Any CPU.Build.0 = Release|Any CPU
		{1547673B-3650-4556-90FF-9721F0011D43}.Debug|Any CPU.ActiveCfg = Debug|Any CPU
		{1547673B-3650-4556-90FF-9721F0011D43}.Debug|Any CPU.Build.0 = Debug|Any CPU
		{1547673B-3650-4556-90FF-9721F0011D43}.Release|Any CPU.ActiveCfg = Release|Any CPU
		{1547673B-3650-4556-90FF-9721F0011D43}.Release|Any CPU.Build.0 = Release|Any CPU
		{E48F89CF-7294-461A-8B51-DC3B311E19B0}.Debug|Any CPU.ActiveCfg = Debug|Any CPU
		{E48F89CF-7294-461A-8B51-DC3B311E19B0}.Debug|Any CPU.Build.0 = Debug|Any CPU
		{E48F89CF-7294-461A-8B51-DC3B311E19B0}.Release|Any CPU.ActiveCfg = Release|Any CPU
		{E48F89CF-7294-461A-8B51-DC3B311E19B0}.Release|Any CPU.Build.0 = Release|Any CPU
		{25FF8687-CAF5-4207-8470-93EC71F53B62}.Debug|Any CPU.ActiveCfg = Debug|Any CPU
		{25FF8687-CAF5-4207-8470-93EC71F53B62}.Debug|Any CPU.Build.0 = Debug|Any CPU
		{25FF8687-CAF5-4207-8470-93EC71F53B62}.Release|Any CPU.ActiveCfg = Release|Any CPU
		{25FF8687-CAF5-4207-8470-93EC71F53B62}.Release|Any CPU.Build.0 = Release|Any CPU
		{0DF9B052-62D1-4B38-8C99-A8870CF9AD31}.Debug|Any CPU.ActiveCfg = Debug|Any CPU
		{0DF9B052-62D1-4B38-8C99-A8870CF9AD31}.Debug|Any CPU.Build.0 = Debug|Any CPU
		{0DF9B052-62D1-4B38-8C99-A8870CF9AD31}.Release|Any CPU.ActiveCfg = Release|Any CPU
		{0DF9B052-62D1-4B38-8C99-A8870CF9AD31}.Release|Any CPU.Build.0 = Release|Any CPU
	EndGlobalSection
	GlobalSection(SolutionProperties) = preSolution
		HideSolutionNode = FALSE
	EndGlobalSection
	GlobalSection(NestedProjects) = preSolution
		{CA6064E6-43CA-4E97-9F09-EE73D2C83732} = {026AB80D-87F3-45C8-8207-F767EB934A4D}
		{87F70F26-DFD7-4465-8F96-A63B08FC3B17} = {026AB80D-87F3-45C8-8207-F767EB934A4D}
		{3F485DA9-373F-45C6-8744-89F274A8F619} = {CA6064E6-43CA-4E97-9F09-EE73D2C83732}
		{1D5C540C-0980-4B4E-9E7C-ACEEEBF33D79} = {CA6064E6-43CA-4E97-9F09-EE73D2C83732}
		{48B233D9-4EEA-4CD4-AF88-29C328F2DC15} = {CA6064E6-43CA-4E97-9F09-EE73D2C83732}
		{C6E93112-7C20-4D72-977A-4FC5BEC9B07E} = {87F70F26-DFD7-4465-8F96-A63B08FC3B17}
		{EF44CDB3-1E1E-47BA-B5AC-51A34B19CCC4} = {87F70F26-DFD7-4465-8F96-A63B08FC3B17}
		{92BDB711-B9FD-4DD7-954D-44DDE93EC158} = {87F70F26-DFD7-4465-8F96-A63B08FC3B17}
		{2DC541B1-57A0-47E7-A086-F7F74FE0509A} = {48B233D9-4EEA-4CD4-AF88-29C328F2DC15}
		{B7B03AEF-535E-48DD-9000-E93E6E8BE7DB} = {1D5C540C-0980-4B4E-9E7C-ACEEEBF33D79}
		{86A7530F-5B63-42A2-A99C-94F4B4B1BFBE} = {1D5C540C-0980-4B4E-9E7C-ACEEEBF33D79}
		{A76E9579-4E6D-46F0-B00D-E991A7616989} = {1D5C540C-0980-4B4E-9E7C-ACEEEBF33D79}
		{66D21E0B-FEFB-4739-9129-C3D41325FE97} = {CA6064E6-43CA-4E97-9F09-EE73D2C83732}
		{800EB9EB-B196-4BA1-8A3C-516053CADED6} = {66D21E0B-FEFB-4739-9129-C3D41325FE97}
		{628F4457-2E65-424D-BE9D-8ED2FBBEE447} = {3F485DA9-373F-45C6-8744-89F274A8F619}
		{95962C67-1FE1-410A-93BC-818ABE1B9071} = {87F70F26-DFD7-4465-8F96-A63B08FC3B17}
		{FA84E8B3-73FB-4947-AB96-EE9E6BCCFCB5} = {95962C67-1FE1-410A-93BC-818ABE1B9071}
		{26C5C18F-72C0-4FBF-882F-BCD8DBBF408A} = {92BDB711-B9FD-4DD7-954D-44DDE93EC158}
		{2912C94D-D1CC-470C-ABCA-4BB1C2B08F22} = {EF44CDB3-1E1E-47BA-B5AC-51A34B19CCC4}
		{1547673B-3650-4556-90FF-9721F0011D43} = {EF44CDB3-1E1E-47BA-B5AC-51A34B19CCC4}
		{E48F89CF-7294-461A-8B51-DC3B311E19B0} = {EF44CDB3-1E1E-47BA-B5AC-51A34B19CCC4}
		{25FF8687-CAF5-4207-8470-93EC71F53B62} = {C6E93112-7C20-4D72-977A-4FC5BEC9B07E}
		{4E768A6C-72A6-4EB1-A449-20ADA1EC285B} = {CA6064E6-43CA-4E97-9F09-EE73D2C83732}
		{0DF9B052-62D1-4B38-8C99-A8870CF9AD31} = {4E768A6C-72A6-4EB1-A449-20ADA1EC285B}
	EndGlobalSection
	GlobalSection(ExtensibilityGlobals) = postSolution
		SolutionGuid = {B0FF7497-7620-4B3E-93EE-BA9C01884763}
	EndGlobalSection
EndGlobal
